
Microsoft Visual Studio Solution File, Format Version 12.00
# Visual Studio Version 16
VisualStudioVersion = 16.0.28917.182
MinimumVisualStudioVersion = 10.0.40219.1
Project("{FAE04EC0-301F-11D3-BF4B-00C04F79EFBC}") = "chapter10_app", "chapter10\app\chapter10_app.csproj", "{A3406AB4-C4CA-46CE-B467-90CA6FF8B5E0}"
EndProject
Project("{9A19103F-16F7-4668-BE54-9A1E7A4F7556}") = "chapter10_library", "chapter10\library\chapter10_library.csproj", "{46334406-8F18-41D2-ABEE-255EC4F875E6}"
EndProject
Project("{9A19103F-16F7-4668-BE54-9A1E7A4F7556}") = "chapter10_trainer", "chapter10\trainer\chapter10_trainer.csproj", "{5C04DAC9-B795-49DE-996F-A5B86ECE0B93}"
EndProject
Project("{2150E333-8FDC-42A3-9474-1A3956D46DE8}") = "chapter 10", "chapter 10", "{C2CAB09A-8505-4DD9-A9A4-AF6EA79AADDC}"
EndProject
Global
	GlobalSection(SolutionConfigurationPlatforms) = preSolution
		Debug|Any CPU = Debug|Any CPU
		Debug|ARM = Debug|ARM
		Debug|ARM64 = Debug|ARM64
		Debug|x64 = Debug|x64
		Debug|x86 = Debug|x86
		Release|Any CPU = Release|Any CPU
		Release|ARM = Release|ARM
		Release|ARM64 = Release|ARM64
		Release|x64 = Release|x64
		Release|x86 = Release|x86
	EndGlobalSection
	GlobalSection(ProjectConfigurationPlatforms) = postSolution
		{A3406AB4-C4CA-46CE-B467-90CA6FF8B5E0}.Debug|Any CPU.ActiveCfg = Debug|x86
		{A3406AB4-C4CA-46CE-B467-90CA6FF8B5E0}.Debug|ARM.ActiveCfg = Debug|ARM
		{A3406AB4-C4CA-46CE-B467-90CA6FF8B5E0}.Debug|ARM.Build.0 = Debug|ARM
		{A3406AB4-C4CA-46CE-B467-90CA6FF8B5E0}.Debug|ARM.Deploy.0 = Debug|ARM
		{A3406AB4-C4CA-46CE-B467-90CA6FF8B5E0}.Debug|ARM64.ActiveCfg = Debug|ARM64
		{A3406AB4-C4CA-46CE-B467-90CA6FF8B5E0}.Debug|ARM64.Build.0 = Debug|ARM64
		{A3406AB4-C4CA-46CE-B467-90CA6FF8B5E0}.Debug|ARM64.Deploy.0 = Debug|ARM64
		{A3406AB4-C4CA-46CE-B467-90CA6FF8B5E0}.Debug|x64.ActiveCfg = Debug|x64
		{A3406AB4-C4CA-46CE-B467-90CA6FF8B5E0}.Debug|x64.Build.0 = Debug|x64
		{A3406AB4-C4CA-46CE-B467-90CA6FF8B5E0}.Debug|x64.Deploy.0 = Debug|x64
		{A3406AB4-C4CA-46CE-B467-90CA6FF8B5E0}.Debug|x86.ActiveCfg = Debug|x86
		{A3406AB4-C4CA-46CE-B467-90CA6FF8B5E0}.Debug|x86.Build.0 = Debug|x86
		{A3406AB4-C4CA-46CE-B467-90CA6FF8B5E0}.Debug|x86.Deploy.0 = Debug|x86
		{A3406AB4-C4CA-46CE-B467-90CA6FF8B5E0}.Release|Any CPU.ActiveCfg = Release|x86
		{A3406AB4-C4CA-46CE-B467-90CA6FF8B5E0}.Release|ARM.ActiveCfg = Release|ARM
		{A3406AB4-C4CA-46CE-B467-90CA6FF8B5E0}.Release|ARM.Build.0 = Release|ARM
		{A3406AB4-C4CA-46CE-B467-90CA6FF8B5E0}.Release|ARM.Deploy.0 = Release|ARM
		{A3406AB4-C4CA-46CE-B467-90CA6FF8B5E0}.Release|ARM64.ActiveCfg = Release|ARM64
		{A3406AB4-C4CA-46CE-B467-90CA6FF8B5E0}.Release|ARM64.Build.0 = Release|ARM64
		{A3406AB4-C4CA-46CE-B467-90CA6FF8B5E0}.Release|ARM64.Deploy.0 = Release|ARM64
		{A3406AB4-C4CA-46CE-B467-90CA6FF8B5E0}.Release|x64.ActiveCfg = Release|x64
		{A3406AB4-C4CA-46CE-B467-90CA6FF8B5E0}.Release|x64.Build.0 = Release|x64
		{A3406AB4-C4CA-46CE-B467-90CA6FF8B5E0}.Release|x64.Deploy.0 = Release|x64
		{A3406AB4-C4CA-46CE-B467-90CA6FF8B5E0}.Release|x86.ActiveCfg = Release|x86
		{A3406AB4-C4CA-46CE-B467-90CA6FF8B5E0}.Release|x86.Build.0 = Release|x86
		{A3406AB4-C4CA-46CE-B467-90CA6FF8B5E0}.Release|x86.Deploy.0 = Release|x86
		{46334406-8F18-41D2-ABEE-255EC4F875E6}.Debug|Any CPU.ActiveCfg = Debug|Any CPU
		{46334406-8F18-41D2-ABEE-255EC4F875E6}.Debug|Any CPU.Build.0 = Debug|Any CPU
		{46334406-8F18-41D2-ABEE-255EC4F875E6}.Debug|ARM.ActiveCfg = Debug|Any CPU
		{46334406-8F18-41D2-ABEE-255EC4F875E6}.Debug|ARM.Build.0 = Debug|Any CPU
		{46334406-8F18-41D2-ABEE-255EC4F875E6}.Debug|ARM64.ActiveCfg = Debug|Any CPU
		{46334406-8F18-41D2-ABEE-255EC4F875E6}.Debug|ARM64.Build.0 = Debug|Any CPU
		{46334406-8F18-41D2-ABEE-255EC4F875E6}.Debug|x64.ActiveCfg = Debug|Any CPU
		{46334406-8F18-41D2-ABEE-255EC4F875E6}.Debug|x64.Build.0 = Debug|Any CPU
		{46334406-8F18-41D2-ABEE-255EC4F875E6}.Debug|x86.ActiveCfg = Debug|Any CPU
		{46334406-8F18-41D2-ABEE-255EC4F875E6}.Debug|x86.Build.0 = Debug|Any CPU
		{46334406-8F18-41D2-ABEE-255EC4F875E6}.Release|Any CPU.ActiveCfg = Release|Any CPU
		{46334406-8F18-41D2-ABEE-255EC4F875E6}.Release|Any CPU.Build.0 = Release|Any CPU
		{46334406-8F18-41D2-ABEE-255EC4F875E6}.Release|ARM.ActiveCfg = Release|Any CPU
		{46334406-8F18-41D2-ABEE-255EC4F875E6}.Release|ARM.Build.0 = Release|Any CPU
		{46334406-8F18-41D2-ABEE-255EC4F875E6}.Release|ARM64.ActiveCfg = Release|Any CPU
		{46334406-8F18-41D2-ABEE-255EC4F875E6}.Release|ARM64.Build.0 = Release|Any CPU
		{46334406-8F18-41D2-ABEE-255EC4F875E6}.Release|x64.ActiveCfg = Release|Any CPU
		{46334406-8F18-41D2-ABEE-255EC4F875E6}.Release|x64.Build.0 = Release|Any CPU
		{46334406-8F18-41D2-ABEE-255EC4F875E6}.Release|x86.ActiveCfg = Release|Any CPU
		{46334406-8F18-41D2-ABEE-255EC4F875E6}.Release|x86.Build.0 = Release|Any CPU
		{5C04DAC9-B795-49DE-996F-A5B86ECE0B93}.Debug|Any CPU.ActiveCfg = Debug|Any CPU
		{5C04DAC9-B795-49DE-996F-A5B86ECE0B93}.Debug|Any CPU.Build.0 = Debug|Any CPU
		{5C04DAC9-B795-49DE-996F-A5B86ECE0B93}.Debug|ARM.ActiveCfg = Debug|Any CPU
		{5C04DAC9-B795-49DE-996F-A5B86ECE0B93}.Debug|ARM.Build.0 = Debug|Any CPU
		{5C04DAC9-B795-49DE-996F-A5B86ECE0B93}.Debug|ARM64.ActiveCfg = Debug|Any CPU
		{5C04DAC9-B795-49DE-996F-A5B86ECE0B93}.Debug|ARM64.Build.0 = Debug|Any CPU
		{5C04DAC9-B795-49DE-996F-A5B86ECE0B93}.Debug|x64.ActiveCfg = Debug|Any CPU
		{5C04DAC9-B795-49DE-996F-A5B86ECE0B93}.Debug|x64.Build.0 = Debug|Any CPU
		{5C04DAC9-B795-49DE-996F-A5B86ECE0B93}.Debug|x86.ActiveCfg = Debug|Any CPU
		{5C04DAC9-B795-49DE-996F-A5B86ECE0B93}.Debug|x86.Build.0 = Debug|Any CPU
		{5C04DAC9-B795-49DE-996F-A5B86ECE0B93}.Release|Any CPU.ActiveCfg = Release|Any CPU
		{5C04DAC9-B795-49DE-996F-A5B86ECE0B93}.Release|Any CPU.Build.0 = Release|Any CPU
		{5C04DAC9-B795-49DE-996F-A5B86ECE0B93}.Release|ARM.ActiveCfg = Release|Any CPU
		{5C04DAC9-B795-49DE-996F-A5B86ECE0B93}.Release|ARM.Build.0 = Release|Any CPU
		{5C04DAC9-B795-49DE-996F-A5B86ECE0B93}.Release|ARM64.ActiveCfg = Release|Any CPU
		{5C04DAC9-B795-49DE-996F-A5B86ECE0B93}.Release|ARM64.Build.0 = Release|Any CPU
		{5C04DAC9-B795-49DE-996F-A5B86ECE0B93}.Release|x64.ActiveCfg = Release|Any CPU
		{5C04DAC9-B795-49DE-996F-A5B86ECE0B93}.Release|x64.Build.0 = Release|Any CPU
		{5C04DAC9-B795-49DE-996F-A5B86ECE0B93}.Release|x86.ActiveCfg = Release|Any CPU
		{5C04DAC9-B795-49DE-996F-A5B86ECE0B93}.Release|x86.Build.0 = Release|Any CPU
	EndGlobalSection
	GlobalSection(SolutionProperties) = preSolution
		HideSolutionNode = FALSE
	EndGlobalSection
	GlobalSection(NestedProjects) = preSolution
		{A3406AB4-C4CA-46CE-B467-90CA6FF8B5E0} = {C2CAB09A-8505-4DD9-A9A4-AF6EA79AADDC}
		{46334406-8F18-41D2-ABEE-255EC4F875E6} = {C2CAB09A-8505-4DD9-A9A4-AF6EA79AADDC}
		{5C04DAC9-B795-49DE-996F-A5B86ECE0B93} = {C2CAB09A-8505-4DD9-A9A4-AF6EA79AADDC}
	EndGlobalSection
	GlobalSection(ExtensibilityGlobals) = postSolution
		SolutionGuid = {24AC1EAF-7E02-4ADB-B9ED-507E6518CFBA}
	EndGlobalSection
EndGlobal
